// !$*UTF8*$!
{
	archiveVersion = 1;
	classes = {
	};
	objectVersion = 50;
	objects = {

/* Begin PBXBuildFile section */
		8F82702C26F8709B00C91850 /* AppDelegate.swift in Sources */ = {isa = PBXBuildFile; fileRef = 8F82702B26F8709B00C91850 /* AppDelegate.swift */; };
		8F82702E26F8709B00C91850 /* SceneDelegate.swift in Sources */ = {isa = PBXBuildFile; fileRef = 8F82702D26F8709B00C91850 /* SceneDelegate.swift */; };
		8F82703026F8709B00C91850 /* ViewController.swift in Sources */ = {isa = PBXBuildFile; fileRef = 8F82702F26F8709B00C91850 /* ViewController.swift */; };
		8F82703326F8709B00C91850 /* Main.storyboard in Resources */ = {isa = PBXBuildFile; fileRef = 8F82703126F8709B00C91850 /* Main.storyboard */; };
		8F82703526F8709D00C91850 /* Assets.xcassets in Resources */ = {isa = PBXBuildFile; fileRef = 8F82703426F8709D00C91850 /* Assets.xcassets */; };
		8F82703826F8709D00C91850 /* LaunchScreen.storyboard in Resources */ = {isa = PBXBuildFile; fileRef = 8F82703626F8709D00C91850 /* LaunchScreen.storyboard */; };
		8F82704326F8709E00C91850 /* VendingMachineTests.swift in Sources */ = {isa = PBXBuildFile; fileRef = 8F82704226F8709E00C91850 /* VendingMachineTests.swift */; };
		8F82704E26F8709E00C91850 /* VendingMachineUITests.swift in Sources */ = {isa = PBXBuildFile; fileRef = 8F82704D26F8709E00C91850 /* VendingMachineUITests.swift */; };
		8F82706626F874E400C91850 /* ViewModel.swift in Sources */ = {isa = PBXBuildFile; fileRef = 8F82706526F874E400C91850 /* ViewModel.swift */; };
		8F82706D26F8774A00C91850 /* ProductListCell.swift in Sources */ = {isa = PBXBuildFile; fileRef = 8F82706B26F8774A00C91850 /* ProductListCell.swift */; };
		8F82706E26F8774A00C91850 /* ProductListCell.xib in Resources */ = {isa = PBXBuildFile; fileRef = 8F82706C26F8774A00C91850 /* ProductListCell.xib */; };
		8F82707626F87A3000C91850 /* UIViewExtension.swift in Sources */ = {isa = PBXBuildFile; fileRef = 8F82707526F87A3000C91850 /* UIViewExtension.swift */; };
		8FA7B26D2706EDF800F3CE34 /* Products.swift in Sources */ = {isa = PBXBuildFile; fileRef = 8FA7B26C2706EDF800F3CE34 /* Products.swift */; };
		8FA7B2722706EE1F00F3CE34 /* MachineCoin.swift in Sources */ = {isa = PBXBuildFile; fileRef = 8FA7B2712706EE1F00F3CE34 /* MachineCoin.swift */; };
		8FA7B2772706EE6300F3CE34 /* CurrentCoinTransaction.swift in Sources */ = {isa = PBXBuildFile; fileRef = 8FA7B2762706EE6300F3CE34 /* CurrentCoinTransaction.swift */; };
		F1F27EDB26FD923D0031FC74 /* VendingMachineButtonClicksTests.swift in Sources */ = {isa = PBXBuildFile; fileRef = F1F27EDA26FD923D0031FC74 /* VendingMachineButtonClicksTests.swift */; };
/* End PBXBuildFile section */

/* Begin PBXContainerItemProxy section */
		8F82703F26F8709E00C91850 /* PBXContainerItemProxy */ = {
			isa = PBXContainerItemProxy;
			containerPortal = 8F82702026F8709B00C91850 /* Project object */;
			proxyType = 1;
			remoteGlobalIDString = 8F82702726F8709B00C91850;
			remoteInfo = VendingMachine;
		};
		8F82704A26F8709E00C91850 /* PBXContainerItemProxy */ = {
			isa = PBXContainerItemProxy;
			containerPortal = 8F82702026F8709B00C91850 /* Project object */;
			proxyType = 1;
			remoteGlobalIDString = 8F82702726F8709B00C91850;
			remoteInfo = VendingMachine;
		};
/* End PBXContainerItemProxy section */

/* Begin PBXFileReference section */
		8F82702826F8709B00C91850 /* VendingMachine.app */ = {isa = PBXFileReference; explicitFileType = wrapper.application; includeInIndex = 0; path = VendingMachine.app; sourceTree = BUILT_PRODUCTS_DIR; };
		8F82702B26F8709B00C91850 /* AppDelegate.swift */ = {isa = PBXFileReference; lastKnownFileType = sourcecode.swift; path = AppDelegate.swift; sourceTree = "<group>"; };
		8F82702D26F8709B00C91850 /* SceneDelegate.swift */ = {isa = PBXFileReference; lastKnownFileType = sourcecode.swift; path = SceneDelegate.swift; sourceTree = "<group>"; };
		8F82702F26F8709B00C91850 /* ViewController.swift */ = {isa = PBXFileReference; lastKnownFileType = sourcecode.swift; path = ViewController.swift; sourceTree = "<group>"; };
		8F82703226F8709B00C91850 /* Base */ = {isa = PBXFileReference; lastKnownFileType = file.storyboard; name = Base; path = Base.lproj/Main.storyboard; sourceTree = "<group>"; };
		8F82703426F8709D00C91850 /* Assets.xcassets */ = {isa = PBXFileReference; lastKnownFileType = folder.assetcatalog; path = Assets.xcassets; sourceTree = "<group>"; };
		8F82703726F8709D00C91850 /* Base */ = {isa = PBXFileReference; lastKnownFileType = file.storyboard; name = Base; path = Base.lproj/LaunchScreen.storyboard; sourceTree = "<group>"; };
		8F82703926F8709D00C91850 /* Info.plist */ = {isa = PBXFileReference; lastKnownFileType = text.plist.xml; path = Info.plist; sourceTree = "<group>"; };
		8F82703E26F8709E00C91850 /* VendingMachineTests.xctest */ = {isa = PBXFileReference; explicitFileType = wrapper.cfbundle; includeInIndex = 0; path = VendingMachineTests.xctest; sourceTree = BUILT_PRODUCTS_DIR; };
		8F82704226F8709E00C91850 /* VendingMachineTests.swift */ = {isa = PBXFileReference; lastKnownFileType = sourcecode.swift; path = VendingMachineTests.swift; sourceTree = "<group>"; };
		8F82704426F8709E00C91850 /* Info.plist */ = {isa = PBXFileReference; lastKnownFileType = text.plist.xml; path = Info.plist; sourceTree = "<group>"; };
		8F82704926F8709E00C91850 /* VendingMachineUITests.xctest */ = {isa = PBXFileReference; explicitFileType = wrapper.cfbundle; includeInIndex = 0; path = VendingMachineUITests.xctest; sourceTree = BUILT_PRODUCTS_DIR; };
		8F82704D26F8709E00C91850 /* VendingMachineUITests.swift */ = {isa = PBXFileReference; lastKnownFileType = sourcecode.swift; path = VendingMachineUITests.swift; sourceTree = "<group>"; };
		8F82704F26F8709E00C91850 /* Info.plist */ = {isa = PBXFileReference; lastKnownFileType = text.plist.xml; path = Info.plist; sourceTree = "<group>"; };
		8F82706526F874E400C91850 /* ViewModel.swift */ = {isa = PBXFileReference; lastKnownFileType = sourcecode.swift; path = ViewModel.swift; sourceTree = "<group>"; };
		8F82706B26F8774A00C91850 /* ProductListCell.swift */ = {isa = PBXFileReference; lastKnownFileType = sourcecode.swift; path = ProductListCell.swift; sourceTree = "<group>"; };
		8F82706C26F8774A00C91850 /* ProductListCell.xib */ = {isa = PBXFileReference; lastKnownFileType = file.xib; path = ProductListCell.xib; sourceTree = "<group>"; };
		8F82707526F87A3000C91850 /* UIViewExtension.swift */ = {isa = PBXFileReference; lastKnownFileType = sourcecode.swift; path = UIViewExtension.swift; sourceTree = "<group>"; };
		8FA7B26C2706EDF800F3CE34 /* Products.swift */ = {isa = PBXFileReference; lastKnownFileType = sourcecode.swift; path = Products.swift; sourceTree = "<group>"; };
		8FA7B2712706EE1F00F3CE34 /* MachineCoin.swift */ = {isa = PBXFileReference; lastKnownFileType = sourcecode.swift; path = MachineCoin.swift; sourceTree = "<group>"; };
		8FA7B2762706EE6300F3CE34 /* CurrentCoinTransaction.swift */ = {isa = PBXFileReference; lastKnownFileType = sourcecode.swift; path = CurrentCoinTransaction.swift; sourceTree = "<group>"; };
		F1F27EDA26FD923D0031FC74 /* VendingMachineButtonClicksTests.swift */ = {isa = PBXFileReference; fileEncoding = 4; lastKnownFileType = sourcecode.swift; path = VendingMachineButtonClicksTests.swift; sourceTree = "<group>"; };
/* End PBXFileReference section */

/* Begin PBXFrameworksBuildPhase section */
		8F82702526F8709B00C91850 /* Frameworks */ = {
			isa = PBXFrameworksBuildPhase;
			buildActionMask = 2147483647;
			files = (
			);
			runOnlyForDeploymentPostprocessing = 0;
		};
		8F82703B26F8709E00C91850 /* Frameworks */ = {
			isa = PBXFrameworksBuildPhase;
			buildActionMask = 2147483647;
			files = (
			);
			runOnlyForDeploymentPostprocessing = 0;
		};
		8F82704626F8709E00C91850 /* Frameworks */ = {
			isa = PBXFrameworksBuildPhase;
			buildActionMask = 2147483647;
			files = (
			);
			runOnlyForDeploymentPostprocessing = 0;
		};
/* End PBXFrameworksBuildPhase section */

/* Begin PBXGroup section */
		8F82701F26F8709B00C91850 = {
			isa = PBXGroup;
			children = (
				8F82702A26F8709B00C91850 /* VendingMachine */,
				8F82704126F8709E00C91850 /* VendingMachineTests */,
				8F82704C26F8709E00C91850 /* VendingMachineUITests */,
				8F82702926F8709B00C91850 /* Products */,
			);
			sourceTree = "<group>";
		};
		8F82702926F8709B00C91850 /* Products */ = {
			isa = PBXGroup;
			children = (
				8F82702826F8709B00C91850 /* VendingMachine.app */,
				8F82703E26F8709E00C91850 /* VendingMachineTests.xctest */,
				8F82704926F8709E00C91850 /* VendingMachineUITests.xctest */,
			);
			name = Products;
			sourceTree = "<group>";
		};
		8F82702A26F8709B00C91850 /* VendingMachine */ = {
			isa = PBXGroup;
			children = (
				8F82702B26F8709B00C91850 /* AppDelegate.swift */,
				8F82702D26F8709B00C91850 /* SceneDelegate.swift */,
				8F82706126F8749B00C91850 /* Controllers */,
				8F82703126F8709B00C91850 /* Main.storyboard */,
				8F82703426F8709D00C91850 /* Assets.xcassets */,
				8F82703626F8709D00C91850 /* LaunchScreen.storyboard */,
				8F82703926F8709D00C91850 /* Info.plist */,
				8F82707526F87A3000C91850 /* UIViewExtension.swift */,
			);
			path = VendingMachine;
			sourceTree = "<group>";
		};
		8F82704126F8709E00C91850 /* VendingMachineTests */ = {
			isa = PBXGroup;
			children = (
				F1F27EDA26FD923D0031FC74 /* VendingMachineButtonClicksTests.swift */,
				8F82704226F8709E00C91850 /* VendingMachineTests.swift */,
				8F82704426F8709E00C91850 /* Info.plist */,
			);
			path = VendingMachineTests;
			sourceTree = "<group>";
		};
		8F82704C26F8709E00C91850 /* VendingMachineUITests */ = {
			isa = PBXGroup;
			children = (
				8F82704D26F8709E00C91850 /* VendingMachineUITests.swift */,
				8F82704F26F8709E00C91850 /* Info.plist */,
			);
			path = VendingMachineUITests;
			sourceTree = "<group>";
		};
		8F82706126F8749B00C91850 /* Controllers */ = {
			isa = PBXGroup;
			children = (
				8FA7B26B2706EDC900F3CE34 /* Model */,
				8F82706A26F8771F00C91850 /* Views */,
				8F82702F26F8709B00C91850 /* ViewController.swift */,
				8F82706526F874E400C91850 /* ViewModel.swift */,
			);
			path = Controllers;
			sourceTree = "<group>";
		};
		8F82706A26F8771F00C91850 /* Views */ = {
			isa = PBXGroup;
			children = (
				8F82706B26F8774A00C91850 /* ProductListCell.swift */,
				8F82706C26F8774A00C91850 /* ProductListCell.xib */,
			);
			path = Views;
			sourceTree = "<group>";
		};
		8FA7B26B2706EDC900F3CE34 /* Model */ = {
			isa = PBXGroup;
			children = (
				8FA7B26C2706EDF800F3CE34 /* Products.swift */,
				8FA7B2712706EE1F00F3CE34 /* MachineCoin.swift */,
				8FA7B2762706EE6300F3CE34 /* CurrentCoinTransaction.swift */,
			);
			path = Model;
			sourceTree = "<group>";
		};
/* End PBXGroup section */

/* Begin PBXNativeTarget section */
		8F82702726F8709B00C91850 /* VendingMachine */ = {
			isa = PBXNativeTarget;
			buildConfigurationList = 8F82705226F8709E00C91850 /* Build configuration list for PBXNativeTarget "VendingMachine" */;
			buildPhases = (
				8F82702426F8709B00C91850 /* Sources */,
				8F82702526F8709B00C91850 /* Frameworks */,
				8F82702626F8709B00C91850 /* Resources */,
			);
			buildRules = (
			);
			dependencies = (
			);
			name = VendingMachine;
			productName = VendingMachine;
			productReference = 8F82702826F8709B00C91850 /* VendingMachine.app */;
			productType = "com.apple.product-type.application";
		};
		8F82703D26F8709E00C91850 /* VendingMachineTests */ = {
			isa = PBXNativeTarget;
			buildConfigurationList = 8F82705526F8709E00C91850 /* Build configuration list for PBXNativeTarget "VendingMachineTests" */;
			buildPhases = (
				8F82703A26F8709E00C91850 /* Sources */,
				8F82703B26F8709E00C91850 /* Frameworks */,
				8F82703C26F8709E00C91850 /* Resources */,
			);
			buildRules = (
			);
			dependencies = (
				8F82704026F8709E00C91850 /* PBXTargetDependency */,
			);
			name = VendingMachineTests;
			productName = VendingMachineTests;
			productReference = 8F82703E26F8709E00C91850 /* VendingMachineTests.xctest */;
			productType = "com.apple.product-type.bundle.unit-test";
		};
		8F82704826F8709E00C91850 /* VendingMachineUITests */ = {
			isa = PBXNativeTarget;
			buildConfigurationList = 8F82705826F8709E00C91850 /* Build configuration list for PBXNativeTarget "VendingMachineUITests" */;
			buildPhases = (
				8F82704526F8709E00C91850 /* Sources */,
				8F82704626F8709E00C91850 /* Frameworks */,
				8F82704726F8709E00C91850 /* Resources */,
			);
			buildRules = (
			);
			dependencies = (
				8F82704B26F8709E00C91850 /* PBXTargetDependency */,
			);
			name = VendingMachineUITests;
			productName = VendingMachineUITests;
			productReference = 8F82704926F8709E00C91850 /* VendingMachineUITests.xctest */;
			productType = "com.apple.product-type.bundle.ui-testing";
		};
/* End PBXNativeTarget section */

/* Begin PBXProject section */
		8F82702026F8709B00C91850 /* Project object */ = {
			isa = PBXProject;
			attributes = {
				LastSwiftUpdateCheck = 1240;
				LastUpgradeCheck = 1240;
				TargetAttributes = {
					8F82702726F8709B00C91850 = {
						CreatedOnToolsVersion = 12.4;
					};
					8F82703D26F8709E00C91850 = {
						CreatedOnToolsVersion = 12.4;
						TestTargetID = 8F82702726F8709B00C91850;
					};
					8F82704826F8709E00C91850 = {
						CreatedOnToolsVersion = 12.4;
						TestTargetID = 8F82702726F8709B00C91850;
					};
				};
			};
			buildConfigurationList = 8F82702326F8709B00C91850 /* Build configuration list for PBXProject "VendingMachine" */;
			compatibilityVersion = "Xcode 9.3";
			developmentRegion = en;
			hasScannedForEncodings = 0;
			knownRegions = (
				en,
				Base,
			);
			mainGroup = 8F82701F26F8709B00C91850;
			productRefGroup = 8F82702926F8709B00C91850 /* Products */;
			projectDirPath = "";
			projectRoot = "";
			targets = (
				8F82702726F8709B00C91850 /* VendingMachine */,
				8F82703D26F8709E00C91850 /* VendingMachineTests */,
				8F82704826F8709E00C91850 /* VendingMachineUITests */,
			);
		};
/* End PBXProject section */

/* Begin PBXResourcesBuildPhase section */
		8F82702626F8709B00C91850 /* Resources */ = {
			isa = PBXResourcesBuildPhase;
			buildActionMask = 2147483647;
			files = (
				8F82703826F8709D00C91850 /* LaunchScreen.storyboard in Resources */,
				8F82706E26F8774A00C91850 /* ProductListCell.xib in Resources */,
				8F82703526F8709D00C91850 /* Assets.xcassets in Resources */,
				8F82703326F8709B00C91850 /* Main.storyboard in Resources */,
			);
			runOnlyForDeploymentPostprocessing = 0;
		};
		8F82703C26F8709E00C91850 /* Resources */ = {
			isa = PBXResourcesBuildPhase;
			buildActionMask = 2147483647;
			files = (
			);
			runOnlyForDeploymentPostprocessing = 0;
		};
		8F82704726F8709E00C91850 /* Resources */ = {
			isa = PBXResourcesBuildPhase;
			buildActionMask = 2147483647;
			files = (
			);
			runOnlyForDeploymentPostprocessing = 0;
		};
/* End PBXResourcesBuildPhase section */

/* Begin PBXSourcesBuildPhase section */
		8F82702426F8709B00C91850 /* Sources */ = {
			isa = PBXSourcesBuildPhase;
			buildActionMask = 2147483647;
			files = (
				8FA7B2772706EE6300F3CE34 /* CurrentCoinTransaction.swift in Sources */,
				8F82707626F87A3000C91850 /* UIViewExtension.swift in Sources */,
				8F82703026F8709B00C91850 /* ViewController.swift in Sources */,
				8F82702C26F8709B00C91850 /* AppDelegate.swift in Sources */,
				8F82706626F874E400C91850 /* ViewModel.swift in Sources */,
				8FA7B26D2706EDF800F3CE34 /* Products.swift in Sources */,
				8F82702E26F8709B00C91850 /* SceneDelegate.swift in Sources */,
				8FA7B2722706EE1F00F3CE34 /* MachineCoin.swift in Sources */,
				8F82706D26F8774A00C91850 /* ProductListCell.swift in Sources */,
			);
			runOnlyForDeploymentPostprocessing = 0;
		};
		8F82703A26F8709E00C91850 /* Sources */ = {
			isa = PBXSourcesBuildPhase;
			buildActionMask = 2147483647;
			files = (
				F1F27EDB26FD923D0031FC74 /* VendingMachineButtonClicksTests.swift in Sources */,
				8F82704326F8709E00C91850 /* VendingMachineTests.swift in Sources */,
			);
			runOnlyForDeploymentPostprocessing = 0;
		};
		8F82704526F8709E00C91850 /* Sources */ = {
			isa = PBXSourcesBuildPhase;
			buildActionMask = 2147483647;
			files = (
				8F82704E26F8709E00C91850 /* VendingMachineUITests.swift in Sources */,
			);
			runOnlyForDeploymentPostprocessing = 0;
		};
/* End PBXSourcesBuildPhase section */

/* Begin PBXTargetDependency section */
		8F82704026F8709E00C91850 /* PBXTargetDependency */ = {
			isa = PBXTargetDependency;
			target = 8F82702726F8709B00C91850 /* VendingMachine */;
			targetProxy = 8F82703F26F8709E00C91850 /* PBXContainerItemProxy */;
		};
		8F82704B26F8709E00C91850 /* PBXTargetDependency */ = {
			isa = PBXTargetDependency;
			target = 8F82702726F8709B00C91850 /* VendingMachine */;
			targetProxy = 8F82704A26F8709E00C91850 /* PBXContainerItemProxy */;
		};
/* End PBXTargetDependency section */

/* Begin PBXVariantGroup section */
		8F82703126F8709B00C91850 /* Main.storyboard */ = {
			isa = PBXVariantGroup;
			children = (
				8F82703226F8709B00C91850 /* Base */,
			);
			name = Main.storyboard;
			sourceTree = "<group>";
		};
		8F82703626F8709D00C91850 /* LaunchScreen.storyboard */ = {
			isa = PBXVariantGroup;
			children = (
				8F82703726F8709D00C91850 /* Base */,
			);
			name = LaunchScreen.storyboard;
			sourceTree = "<group>";
		};
/* End PBXVariantGroup section */

/* Begin XCBuildConfiguration section */
		8F82705026F8709E00C91850 /* Debug */ = {
			isa = XCBuildConfiguration;
			buildSettings = {
				ALWAYS_SEARCH_USER_PATHS = NO;
				CLANG_ANALYZER_NONNULL = YES;
				CLANG_ANALYZER_NUMBER_OBJECT_CONVERSION = YES_AGGRESSIVE;
				CLANG_CXX_LANGUAGE_STANDARD = "gnu++14";
				CLANG_CXX_LIBRARY = "libc++";
				CLANG_ENABLE_MODULES = YES;
				CLANG_ENABLE_OBJC_ARC = YES;
				CLANG_ENABLE_OBJC_WEAK = YES;
				CLANG_WARN_BLOCK_CAPTURE_AUTORELEASING = YES;
				CLANG_WARN_BOOL_CONVERSION = YES;
				CLANG_WARN_COMMA = YES;
				CLANG_WARN_CONSTANT_CONVERSION = YES;
				CLANG_WARN_DEPRECATED_OBJC_IMPLEMENTATIONS = YES;
				CLANG_WARN_DIRECT_OBJC_ISA_USAGE = YES_ERROR;
				CLANG_WARN_DOCUMENTATION_COMMENTS = YES;
				CLANG_WARN_EMPTY_BODY = YES;
				CLANG_WARN_ENUM_CONVERSION = YES;
				CLANG_WARN_INFINITE_RECURSION = YES;
				CLANG_WARN_INT_CONVERSION = YES;
				CLANG_WARN_NON_LITERAL_NULL_CONVERSION = YES;
				CLANG_WARN_OBJC_IMPLICIT_RETAIN_SELF = YES;
				CLANG_WARN_OBJC_LITERAL_CONVERSION = YES;
				CLANG_WARN_OBJC_ROOT_CLASS = YES_ERROR;
				CLANG_WARN_QUOTED_INCLUDE_IN_FRAMEWORK_HEADER = YES;
				CLANG_WARN_RANGE_LOOP_ANALYSIS = YES;
				CLANG_WARN_STRICT_PROTOTYPES = YES;
				CLANG_WARN_SUSPICIOUS_MOVE = YES;
				CLANG_WARN_UNGUARDED_AVAILABILITY = YES_AGGRESSIVE;
				CLANG_WARN_UNREACHABLE_CODE = YES;
				CLANG_WARN__DUPLICATE_METHOD_MATCH = YES;
				COPY_PHASE_STRIP = NO;
				DEBUG_INFORMATION_FORMAT = dwarf;
				ENABLE_STRICT_OBJC_MSGSEND = YES;
				ENABLE_TESTABILITY = YES;
				GCC_C_LANGUAGE_STANDARD = gnu11;
				GCC_DYNAMIC_NO_PIC = NO;
				GCC_NO_COMMON_BLOCKS = YES;
				GCC_OPTIMIZATION_LEVEL = 0;
				GCC_PREPROCESSOR_DEFINITIONS = (
					"DEBUG=1",
					"$(inherited)",
				);
				GCC_WARN_64_TO_32_BIT_CONVERSION = YES;
				GCC_WARN_ABOUT_RETURN_TYPE = YES_ERROR;
				GCC_WARN_UNDECLARED_SELECTOR = YES;
				GCC_WARN_UNINITIALIZED_AUTOS = YES_AGGRESSIVE;
				GCC_WARN_UNUSED_FUNCTION = YES;
				GCC_WARN_UNUSED_VARIABLE = YES;
				IPHONEOS_DEPLOYMENT_TARGET = 14.4;
				MTL_ENABLE_DEBUG_INFO = INCLUDE_SOURCE;
				MTL_FAST_MATH = YES;
				ONLY_ACTIVE_ARCH = YES;
				SDKROOT = iphoneos;
				SWIFT_ACTIVE_COMPILATION_CONDITIONS = DEBUG;
				SWIFT_OPTIMIZATION_LEVEL = "-Onone";
			};
			name = Debug;
		};
		8F82705126F8709E00C91850 /* Release */ = {
			isa = XCBuildConfiguration;
			buildSettings = {
				ALWAYS_SEARCH_USER_PATHS = NO;
				CLANG_ANALYZER_NONNULL = YES;
				CLANG_ANALYZER_NUMBER_OBJECT_CONVERSION = YES_AGGRESSIVE;
				CLANG_CXX_LANGUAGE_STANDARD = "gnu++14";
				CLANG_CXX_LIBRARY = "libc++";
				CLANG_ENABLE_MODULES = YES;
				CLANG_ENABLE_OBJC_ARC = YES;
				CLANG_ENABLE_OBJC_WEAK = YES;
				CLANG_WARN_BLOCK_CAPTURE_AUTORELEASING = YES;
				CLANG_WARN_BOOL_CONVERSION = YES;
				CLANG_WARN_COMMA = YES;
				CLANG_WARN_CONSTANT_CONVERSION = YES;
				CLANG_WARN_DEPRECATED_OBJC_IMPLEMENTATIONS = YES;
				CLANG_WARN_DIRECT_OBJC_ISA_USAGE = YES_ERROR;
				CLANG_WARN_DOCUMENTATION_COMMENTS = YES;
				CLANG_WARN_EMPTY_BODY = YES;
				CLANG_WARN_ENUM_CONVERSION = YES;
				CLANG_WARN_INFINITE_RECURSION = YES;
				CLANG_WARN_INT_CONVERSION = YES;
				CLANG_WARN_NON_LITERAL_NULL_CONVERSION = YES;
				CLANG_WARN_OBJC_IMPLICIT_RETAIN_SELF = YES;
				CLANG_WARN_OBJC_LITERAL_CONVERSION = YES;
				CLANG_WARN_OBJC_ROOT_CLASS = YES_ERROR;
				CLANG_WARN_QUOTED_INCLUDE_IN_FRAMEWORK_HEADER = YES;
				CLANG_WARN_RANGE_LOOP_ANALYSIS = YES;
				CLANG_WARN_STRICT_PROTOTYPES = YES;
				CLANG_WARN_SUSPICIOUS_MOVE = YES;
				CLANG_WARN_UNGUARDED_AVAILABILITY = YES_AGGRESSIVE;
				CLANG_WARN_UNREACHABLE_CODE = YES;
				CLANG_WARN__DUPLICATE_METHOD_MATCH = YES;
				COPY_PHASE_STRIP = NO;
				DEBUG_INFORMATION_FORMAT = "dwarf-with-dsym";
				ENABLE_NS_ASSERTIONS = NO;
				ENABLE_STRICT_OBJC_MSGSEND = YES;
				GCC_C_LANGUAGE_STANDARD = gnu11;
				GCC_NO_COMMON_BLOCKS = YES;
				GCC_WARN_64_TO_32_BIT_CONVERSION = YES;
				GCC_WARN_ABOUT_RETURN_TYPE = YES_ERROR;
				GCC_WARN_UNDECLARED_SELECTOR = YES;
				GCC_WARN_UNINITIALIZED_AUTOS = YES_AGGRESSIVE;
				GCC_WARN_UNUSED_FUNCTION = YES;
				GCC_WARN_UNUSED_VARIABLE = YES;
				IPHONEOS_DEPLOYMENT_TARGET = 14.4;
				MTL_ENABLE_DEBUG_INFO = NO;
				MTL_FAST_MATH = YES;
				SDKROOT = iphoneos;
				SWIFT_COMPILATION_MODE = wholemodule;
				SWIFT_OPTIMIZATION_LEVEL = "-O";
				VALIDATE_PRODUCT = YES;
			};
			name = Release;
		};
		8F82705326F8709E00C91850 /* Debug */ = {
			isa = XCBuildConfiguration;
			buildSettings = {
				ASSETCATALOG_COMPILER_APPICON_NAME = AppIcon;
				ASSETCATALOG_COMPILER_GLOBAL_ACCENT_COLOR_NAME = AccentColor;
				CODE_SIGN_STYLE = Automatic;
				DEVELOPMENT_TEAM = "";
				INFOPLIST_FILE = VendingMachine/Info.plist;
				LD_RUNPATH_SEARCH_PATHS = (
					"$(inherited)",
					"@executable_path/Frameworks",
				);
				PRODUCT_BUNDLE_IDENTIFIER = com.VendingMachine;
				PRODUCT_NAME = "$(TARGET_NAME)";
				SWIFT_VERSION = 5.0;
				TARGETED_DEVICE_FAMILY = 1;
			};
			name = Debug;
		};
		8F82705426F8709E00C91850 /* Release */ = {
			isa = XCBuildConfiguration;
			buildSettings = {
				ASSETCATALOG_COMPILER_APPICON_NAME = AppIcon;
				ASSETCATALOG_COMPILER_GLOBAL_ACCENT_COLOR_NAME = AccentColor;
				CODE_SIGN_STYLE = Automatic;
				INFOPLIST_FILE = VendingMachine/Info.plist;
				LD_RUNPATH_SEARCH_PATHS = (
					"$(inherited)",
					"@executable_path/Frameworks",
				);
				PRODUCT_BUNDLE_IDENTIFIER = com.VendingMachine;
				PRODUCT_NAME = "$(TARGET_NAME)";
				SWIFT_VERSION = 5.0;
				TARGETED_DEVICE_FAMILY = 1;
			};
			name = Release;
		};
		8F82705626F8709E00C91850 /* Debug */ = {
			isa = XCBuildConfiguration;
			buildSettings = {
				ALWAYS_EMBED_SWIFT_STANDARD_LIBRARIES = YES;
				BUNDLE_LOADER = "$(TEST_HOST)";
				CODE_SIGN_STYLE = Automatic;
				INFOPLIST_FILE = VendingMachineTests/Info.plist;
				IPHONEOS_DEPLOYMENT_TARGET = 14.4;
				LD_RUNPATH_SEARCH_PATHS = (
					"$(inherited)",
					"@executable_path/Frameworks",
					"@loader_path/Frameworks",
				);
				PRODUCT_BUNDLE_IDENTIFIER = com.VendingMachineTests;
				PRODUCT_NAME = "$(TARGET_NAME)";
				SWIFT_VERSION = 5.0;
				TARGETED_DEVICE_FAMILY = "1,2";
				TEST_HOST = "$(BUILT_PRODUCTS_DIR)/VendingMachine.app/VendingMachine";
			};
			name = Debug;
		};
		8F82705726F8709E00C91850 /* Release */ = {
			isa = XCBuildConfiguration;
			buildSettings = {
				ALWAYS_EMBED_SWIFT_STANDARD_LIBRARIES = YES;
				BUNDLE_LOADER = "$(TEST_HOST)";
				CODE_SIGN_STYLE = Automatic;
				INFOPLIST_FILE = VendingMachineTests/Info.plist;
				IPHONEOS_DEPLOYMENT_TARGET = 14.4;
				LD_RUNPATH_SEARCH_PATHS = (
					"$(inherited)",
					"@executable_path/Frameworks",
					"@loader_path/Frameworks",
				);
				PRODUCT_BUNDLE_IDENTIFIER = com.VendingMachineTests;
				PRODUCT_NAME = "$(TARGET_NAME)";
				SWIFT_VERSION = 5.0;
				TARGETED_DEVICE_FAMILY = "1,2";
				TEST_HOST = "$(BUILT_PRODUCTS_DIR)/VendingMachine.app/VendingMachine";
			};
			name = Release;
		};
		8F82705926F8709E00C91850 /* Debug */ = {
			isa = XCBuildConfiguration;
			buildSettings = {
				ALWAYS_EMBED_SWIFT_STANDARD_LIBRARIES = YES;
				CODE_SIGN_STYLE = Automatic;
				INFOPLIST_FILE = VendingMachineUITests/Info.plist;
				LD_RUNPATH_SEARCH_PATHS = (
					"$(inherited)",
					"@executable_path/Frameworks",
					"@loader_path/Frameworks",
				);
				PRODUCT_BUNDLE_IDENTIFIER = com.VendingMachineUITests;
				PRODUCT_NAME = "$(TARGET_NAME)";
				SWIFT_VERSION = 5.0;
				TARGETED_DEVICE_FAMILY = "1,2";
				TEST_TARGET_NAME = VendingMachine;
			};
			name = Debug;
		};
		8F82705A26F8709E00C91850 /* Release */ = {
			isa = XCBuildConfiguration;
			buildSettings = {
				ALWAYS_EMBED_SWIFT_STANDARD_LIBRARIES = YES;
				CODE_SIGN_STYLE = Automatic;
				INFOPLIST_FILE = VendingMachineUITests/Info.plist;
				LD_RUNPATH_SEARCH_PATHS = (
					"$(inherited)",
					"@executable_path/Frameworks",
					"@loader_path/Frameworks",
				);
				PRODUCT_BUNDLE_IDENTIFIER = com.VendingMachineUITests;
				PRODUCT_NAME = "$(TARGET_NAME)";
				SWIFT_VERSION = 5.0;
				TARGETED_DEVICE_FAMILY = "1,2";
				TEST_TARGET_NAME = VendingMachine;
			};
			name = Release;
		};
/* End XCBuildConfiguration section */

/* Begin XCConfigurationList section */
		8F82702326F8709B00C91850 /* Build configuration list for PBXProject "VendingMachine" */ = {
			isa = XCConfigurationList;
			buildConfigurations = (
				8F82705026F8709E00C91850 /* Debug */,
				8F82705126F8709E00C91850 /* Release */,
			);
			defaultConfigurationIsVisible = 0;
			defaultConfigurationName = Release;
		};
		8F82705226F8709E00C91850 /* Build configuration list for PBXNativeTarget "VendingMachine" */ = {
			isa = XCConfigurationList;
			buildConfigurations = (
				8F82705326F8709E00C91850 /* Debug */,
				8F82705426F8709E00C91850 /* Release */,
			);
			defaultConfigurationIsVisible = 0;
			defaultConfigurationName = Release;
		};
		8F82705526F8709E00C91850 /* Build configuration list for PBXNativeTarget "VendingMachineTests" */ = {
			isa = XCConfigurationList;
			buildConfigurations = (
				8F82705626F8709E00C91850 /* Debug */,
				8F82705726F8709E00C91850 /* Release */,
			);
			defaultConfigurationIsVisible = 0;
			defaultConfigurationName = Release;
		};
		8F82705826F8709E00C91850 /* Build configuration list for PBXNativeTarget "VendingMachineUITests" */ = {
			isa = XCConfigurationList;
			buildConfigurations = (
				8F82705926F8709E00C91850 /* Debug */,
				8F82705A26F8709E00C91850 /* Release */,
			);
			defaultConfigurationIsVisible = 0;
			defaultConfigurationName = Release;
		};
/* End XCConfigurationList section */
	};
	rootObject = 8F82702026F8709B00C91850 /* Project object */;
}
